// !$*UTF8*$!
{
	archiveVersion = 1;
	classes = {
	};
	objectVersion = 55;
	objects = {

/* Begin PBXBuildFile section */
		B436FA0B62475F80CB422BE1 /* Pods_Movies.framework in Frameworks */ = {isa = PBXBuildFile; fileRef = 5973C5A94B9D1D3434AA23A7 /* Pods_Movies.framework */; };
		F309E30D293BA58100EAD123 /* CoreDataManager.swift in Sources */ = {isa = PBXBuildFile; fileRef = F309E30C293BA58100EAD123 /* CoreDataManager.swift */; };
		F309E310293C97CC00EAD123 /* FavoriteTableViewCell.swift in Sources */ = {isa = PBXBuildFile; fileRef = F309E30E293C97CC00EAD123 /* FavoriteTableViewCell.swift */; };
		F309E311293C97CC00EAD123 /* FavoriteTableViewCell.xib in Resources */ = {isa = PBXBuildFile; fileRef = F309E30F293C97CC00EAD123 /* FavoriteTableViewCell.xib */; };
		F34F714A29256D35005666B5 /* MovieModel.xcdatamodeld in Sources */ = {isa = PBXBuildFile; fileRef = F34F714829256D35005666B5 /* MovieModel.xcdatamodeld */; };
		F3593643294E13FD00FC85FD /* MainViewController.swift in Sources */ = {isa = PBXBuildFile; fileRef = F3593642294E13FD00FC85FD /* MainViewController.swift */; };
		F3593645294E140600FC85FD /* LoginViewController.swift in Sources */ = {isa = PBXBuildFile; fileRef = F3593644294E140600FC85FD /* LoginViewController.swift */; };
		F3593647294E141300FC85FD /* SingUpViewController.swift in Sources */ = {isa = PBXBuildFile; fileRef = F3593646294E141300FC85FD /* SingUpViewController.swift */; };
		F35936CF294F0B0300FC85FD /* Utilities.swift in Sources */ = {isa = PBXBuildFile; fileRef = F35936CE294F0B0300FC85FD /* Utilities.swift */; };
		F35936D9294F8F4B00FC85FD /* GoogleService-Info.plist in Resources */ = {isa = PBXBuildFile; fileRef = F35936D8294F8F4B00FC85FD /* GoogleService-Info.plist */; };
		F35936FE2952661B00FC85FD /* Constant.swift in Sources */ = {isa = PBXBuildFile; fileRef = F35936FD2952661B00FC85FD /* Constant.swift */; };
		F36D3D5429150CCF006F66CA /* DetailViewController.swift in Sources */ = {isa = PBXBuildFile; fileRef = F36D3D5229150CCF006F66CA /* DetailViewController.swift */; };
		F36D3D58291515D1006F66CA /* DetailViewModel.swift in Sources */ = {isa = PBXBuildFile; fileRef = F36D3D57291515D1006F66CA /* DetailViewModel.swift */; };
		F36D3D5A29153EC5006F66CA /* DetailView.swift in Sources */ = {isa = PBXBuildFile; fileRef = F36D3D5929153EC5006F66CA /* DetailView.swift */; };
		F3A5119A290D232F003D3307 /* SDWebImage in Frameworks */ = {isa = PBXBuildFile; productRef = F3A51199290D232F003D3307 /* SDWebImage */; };
		F3A5119C290D232F003D3307 /* SDWebImageMapKit in Frameworks */ = {isa = PBXBuildFile; productRef = F3A5119B290D232F003D3307 /* SDWebImageMapKit */; };
		F3A511A0290ED1D4003D3307 /* SearchTableViewCell.swift in Sources */ = {isa = PBXBuildFile; fileRef = F3A5119E290ED1D4003D3307 /* SearchTableViewCell.swift */; };
		F3A511A1290ED1D4003D3307 /* SearchTableViewCell.xib in Resources */ = {isa = PBXBuildFile; fileRef = F3A5119F290ED1D4003D3307 /* SearchTableViewCell.xib */; };
		F3A511A3290EE7D7003D3307 /* TitleViewModel.swift in Sources */ = {isa = PBXBuildFile; fileRef = F3A511A2290EE7D7003D3307 /* TitleViewModel.swift */; };
		F3A5124029143E71003D3307 /* VideoSearchResponse.swift in Sources */ = {isa = PBXBuildFile; fileRef = F3A5123F29143E71003D3307 /* VideoSearchResponse.swift */; };
		F3ACEEED291901D70098BF91 /* DetailView.xib in Resources */ = {isa = PBXBuildFile; fileRef = F3ACEEEC291901D70098BF91 /* DetailView.xib */; };
		F3BEF2332909A63F00BFB525 /* AppDelegate.swift in Sources */ = {isa = PBXBuildFile; fileRef = F3BEF2322909A63F00BFB525 /* AppDelegate.swift */; };
		F3BEF2352909A63F00BFB525 /* SceneDelegate.swift in Sources */ = {isa = PBXBuildFile; fileRef = F3BEF2342909A63F00BFB525 /* SceneDelegate.swift */; };
		F3BEF2372909A63F00BFB525 /* HomeViewController.swift in Sources */ = {isa = PBXBuildFile; fileRef = F3BEF2362909A63F00BFB525 /* HomeViewController.swift */; };
		F3BEF23A2909A63F00BFB525 /* Main.storyboard in Resources */ = {isa = PBXBuildFile; fileRef = F3BEF2382909A63F00BFB525 /* Main.storyboard */; };
		F3BEF23C2909A64300BFB525 /* Assets.xcassets in Resources */ = {isa = PBXBuildFile; fileRef = F3BEF23B2909A64300BFB525 /* Assets.xcassets */; };
		F3BEF23F2909A64300BFB525 /* LaunchScreen.storyboard in Resources */ = {isa = PBXBuildFile; fileRef = F3BEF23D2909A64300BFB525 /* LaunchScreen.storyboard */; };
		F3BEF2472909A74500BFB525 /* SearchViewController.swift in Sources */ = {isa = PBXBuildFile; fileRef = F3BEF2462909A74500BFB525 /* SearchViewController.swift */; };
		F3BEF2492909A75700BFB525 /* FavoriteViewController.swift in Sources */ = {isa = PBXBuildFile; fileRef = F3BEF2482909A75700BFB525 /* FavoriteViewController.swift */; };
		F3BEF2502909AE3700BFB525 /* CollectionViewCell.swift in Sources */ = {isa = PBXBuildFile; fileRef = F3BEF24E2909AE3700BFB525 /* CollectionViewCell.swift */; };
		F3BEF2512909AE3700BFB525 /* CollectionViewCell.xib in Resources */ = {isa = PBXBuildFile; fileRef = F3BEF24F2909AE3700BFB525 /* CollectionViewCell.xib */; };
		F3BEF2542909AEB600BFB525 /* CollectionTableViewCell.swift in Sources */ = {isa = PBXBuildFile; fileRef = F3BEF2522909AEB600BFB525 /* CollectionTableViewCell.swift */; };
		F3BEF2552909AEB600BFB525 /* CollectionTableViewCell.xib in Resources */ = {isa = PBXBuildFile; fileRef = F3BEF2532909AEB600BFB525 /* CollectionTableViewCell.xib */; };
		F3BEF2592909B30E00BFB525 /* NetworkRequest.swift in Sources */ = {isa = PBXBuildFile; fileRef = F3BEF2582909B30E00BFB525 /* NetworkRequest.swift */; };
		F3BEF25B2909B37400BFB525 /* TMDBResponse.swift in Sources */ = {isa = PBXBuildFile; fileRef = F3BEF25A2909B37400BFB525 /* TMDBResponse.swift */; };
		F3BEF25E2909D0EA00BFB525 /* SDWebImage in Frameworks */ = {isa = PBXBuildFile; productRef = F3BEF25D2909D0EA00BFB525 /* SDWebImage */; };
		F3BEF2602909D0EA00BFB525 /* SDWebImageMapKit in Frameworks */ = {isa = PBXBuildFile; productRef = F3BEF25F2909D0EA00BFB525 /* SDWebImageMapKit */; };
		F3D52675291EC7C3001EFC42 /* SearchResultViewController.swift in Sources */ = {isa = PBXBuildFile; fileRef = F3D52673291EC7C3001EFC42 /* SearchResultViewController.swift */; };
		F3D52676291EC7C3001EFC42 /* SearchResultViewController.xib in Resources */ = {isa = PBXBuildFile; fileRef = F3D52674291EC7C3001EFC42 /* SearchResultViewController.xib */; };
		F3D5267A29228D87001EFC42 /* SearchResultProtocol.swift in Sources */ = {isa = PBXBuildFile; fileRef = F3D5267929228D87001EFC42 /* SearchResultProtocol.swift */; };
		F3D5267C29228DF1001EFC42 /* CollectionTableViewProtocol.swift in Sources */ = {isa = PBXBuildFile; fileRef = F3D5267B29228DF1001EFC42 /* CollectionTableViewProtocol.swift */; };
/* End PBXBuildFile section */

/* Begin PBXFileReference section */
		528DB5772EAFE9394BFB53B3 /* Pods-Movies.debug.xcconfig */ = {isa = PBXFileReference; includeInIndex = 1; lastKnownFileType = text.xcconfig; name = "Pods-Movies.debug.xcconfig"; path = "Target Support Files/Pods-Movies/Pods-Movies.debug.xcconfig"; sourceTree = "<group>"; };
		5973C5A94B9D1D3434AA23A7 /* Pods_Movies.framework */ = {isa = PBXFileReference; explicitFileType = wrapper.framework; includeInIndex = 0; path = Pods_Movies.framework; sourceTree = BUILT_PRODUCTS_DIR; };
		64B1956F0EFB3418E27B3EFA /* Pods-Movies.release.xcconfig */ = {isa = PBXFileReference; includeInIndex = 1; lastKnownFileType = text.xcconfig; name = "Pods-Movies.release.xcconfig"; path = "Target Support Files/Pods-Movies/Pods-Movies.release.xcconfig"; sourceTree = "<group>"; };
		F309E30C293BA58100EAD123 /* CoreDataManager.swift */ = {isa = PBXFileReference; lastKnownFileType = sourcecode.swift; path = CoreDataManager.swift; sourceTree = "<group>"; };
		F309E30E293C97CC00EAD123 /* FavoriteTableViewCell.swift */ = {isa = PBXFileReference; lastKnownFileType = sourcecode.swift; path = FavoriteTableViewCell.swift; sourceTree = "<group>"; };
		F309E30F293C97CC00EAD123 /* FavoriteTableViewCell.xib */ = {isa = PBXFileReference; lastKnownFileType = file.xib; path = FavoriteTableViewCell.xib; sourceTree = "<group>"; };
		F34F714929256D35005666B5 /* MovieModel.xcdatamodel */ = {isa = PBXFileReference; lastKnownFileType = wrapper.xcdatamodel; path = MovieModel.xcdatamodel; sourceTree = "<group>"; };
		F3593642294E13FD00FC85FD /* MainViewController.swift */ = {isa = PBXFileReference; lastKnownFileType = sourcecode.swift; path = MainViewController.swift; sourceTree = "<group>"; };
		F3593644294E140600FC85FD /* LoginViewController.swift */ = {isa = PBXFileReference; lastKnownFileType = sourcecode.swift; path = LoginViewController.swift; sourceTree = "<group>"; };
		F3593646294E141300FC85FD /* SingUpViewController.swift */ = {isa = PBXFileReference; lastKnownFileType = sourcecode.swift; path = SingUpViewController.swift; sourceTree = "<group>"; };
		F35936CE294F0B0300FC85FD /* Utilities.swift */ = {isa = PBXFileReference; lastKnownFileType = sourcecode.swift; path = Utilities.swift; sourceTree = "<group>"; };
		F35936D8294F8F4B00FC85FD /* GoogleService-Info.plist */ = {isa = PBXFileReference; fileEncoding = 4; lastKnownFileType = text.plist.xml; path = "GoogleService-Info.plist"; sourceTree = "<group>"; };
		F35936FD2952661B00FC85FD /* Constant.swift */ = {isa = PBXFileReference; lastKnownFileType = sourcecode.swift; path = Constant.swift; sourceTree = "<group>"; };
		F36D3D5229150CCF006F66CA /* DetailViewController.swift */ = {isa = PBXFileReference; lastKnownFileType = sourcecode.swift; path = DetailViewController.swift; sourceTree = "<group>"; };
		F36D3D57291515D1006F66CA /* DetailViewModel.swift */ = {isa = PBXFileReference; lastKnownFileType = sourcecode.swift; path = DetailViewModel.swift; sourceTree = "<group>"; };
		F36D3D5929153EC5006F66CA /* DetailView.swift */ = {isa = PBXFileReference; lastKnownFileType = sourcecode.swift; path = DetailView.swift; sourceTree = "<group>"; };
		F3A5119E290ED1D4003D3307 /* SearchTableViewCell.swift */ = {isa = PBXFileReference; lastKnownFileType = sourcecode.swift; path = SearchTableViewCell.swift; sourceTree = "<group>"; };
		F3A5119F290ED1D4003D3307 /* SearchTableViewCell.xib */ = {isa = PBXFileReference; lastKnownFileType = file.xib; path = SearchTableViewCell.xib; sourceTree = "<group>"; };
		F3A511A2290EE7D7003D3307 /* TitleViewModel.swift */ = {isa = PBXFileReference; lastKnownFileType = sourcecode.swift; path = TitleViewModel.swift; sourceTree = "<group>"; };
		F3A5123F29143E71003D3307 /* VideoSearchResponse.swift */ = {isa = PBXFileReference; lastKnownFileType = sourcecode.swift; path = VideoSearchResponse.swift; sourceTree = "<group>"; };
		F3ACEEEC291901D70098BF91 /* DetailView.xib */ = {isa = PBXFileReference; lastKnownFileType = file.xib; path = DetailView.xib; sourceTree = "<group>"; };
		F3ACEEEF291988B70098BF91 /* Network.framework */ = {isa = PBXFileReference; lastKnownFileType = wrapper.framework; name = Network.framework; path = System/Library/Frameworks/Network.framework; sourceTree = SDKROOT; };
		F3BEF22F2909A63F00BFB525 /* Movies.app */ = {isa = PBXFileReference; explicitFileType = wrapper.application; includeInIndex = 0; path = Movies.app; sourceTree = BUILT_PRODUCTS_DIR; };
		F3BEF2322909A63F00BFB525 /* AppDelegate.swift */ = {isa = PBXFileReference; lastKnownFileType = sourcecode.swift; path = AppDelegate.swift; sourceTree = "<group>"; };
		F3BEF2342909A63F00BFB525 /* SceneDelegate.swift */ = {isa = PBXFileReference; lastKnownFileType = sourcecode.swift; path = SceneDelegate.swift; sourceTree = "<group>"; };
		F3BEF2362909A63F00BFB525 /* HomeViewController.swift */ = {isa = PBXFileReference; lastKnownFileType = sourcecode.swift; path = HomeViewController.swift; sourceTree = "<group>"; };
		F3BEF2392909A63F00BFB525 /* Base */ = {isa = PBXFileReference; lastKnownFileType = file.storyboard; name = Base; path = Base.lproj/Main.storyboard; sourceTree = "<group>"; };
		F3BEF23B2909A64300BFB525 /* Assets.xcassets */ = {isa = PBXFileReference; lastKnownFileType = folder.assetcatalog; path = Assets.xcassets; sourceTree = "<group>"; };
		F3BEF23E2909A64300BFB525 /* Base */ = {isa = PBXFileReference; lastKnownFileType = file.storyboard; name = Base; path = Base.lproj/LaunchScreen.storyboard; sourceTree = "<group>"; };
		F3BEF2402909A64300BFB525 /* Info.plist */ = {isa = PBXFileReference; lastKnownFileType = text.plist.xml; path = Info.plist; sourceTree = "<group>"; };
		F3BEF2462909A74500BFB525 /* SearchViewController.swift */ = {isa = PBXFileReference; lastKnownFileType = sourcecode.swift; path = SearchViewController.swift; sourceTree = "<group>"; };
		F3BEF2482909A75700BFB525 /* FavoriteViewController.swift */ = {isa = PBXFileReference; lastKnownFileType = sourcecode.swift; path = FavoriteViewController.swift; sourceTree = "<group>"; };
		F3BEF24E2909AE3700BFB525 /* CollectionViewCell.swift */ = {isa = PBXFileReference; lastKnownFileType = sourcecode.swift; path = CollectionViewCell.swift; sourceTree = "<group>"; };
		F3BEF24F2909AE3700BFB525 /* CollectionViewCell.xib */ = {isa = PBXFileReference; lastKnownFileType = file.xib; path = CollectionViewCell.xib; sourceTree = "<group>"; };
		F3BEF2522909AEB600BFB525 /* CollectionTableViewCell.swift */ = {isa = PBXFileReference; lastKnownFileType = sourcecode.swift; path = CollectionTableViewCell.swift; sourceTree = "<group>"; };
		F3BEF2532909AEB600BFB525 /* CollectionTableViewCell.xib */ = {isa = PBXFileReference; lastKnownFileType = file.xib; path = CollectionTableViewCell.xib; sourceTree = "<group>"; };
		F3BEF2582909B30E00BFB525 /* NetworkRequest.swift */ = {isa = PBXFileReference; lastKnownFileType = sourcecode.swift; path = NetworkRequest.swift; sourceTree = "<group>"; };
		F3BEF25A2909B37400BFB525 /* TMDBResponse.swift */ = {isa = PBXFileReference; lastKnownFileType = sourcecode.swift; path = TMDBResponse.swift; sourceTree = "<group>"; };
		F3D52673291EC7C3001EFC42 /* SearchResultViewController.swift */ = {isa = PBXFileReference; lastKnownFileType = sourcecode.swift; path = SearchResultViewController.swift; sourceTree = "<group>"; };
		F3D52674291EC7C3001EFC42 /* SearchResultViewController.xib */ = {isa = PBXFileReference; lastKnownFileType = file.xib; path = SearchResultViewController.xib; sourceTree = "<group>"; };
		F3D5267929228D87001EFC42 /* SearchResultProtocol.swift */ = {isa = PBXFileReference; lastKnownFileType = sourcecode.swift; path = SearchResultProtocol.swift; sourceTree = "<group>"; };
		F3D5267B29228DF1001EFC42 /* CollectionTableViewProtocol.swift */ = {isa = PBXFileReference; lastKnownFileType = sourcecode.swift; path = CollectionTableViewProtocol.swift; sourceTree = "<group>"; };
/* End PBXFileReference section */

/* Begin PBXFrameworksBuildPhase section */
		F3BEF22C2909A63F00BFB525 /* Frameworks */ = {
			isa = PBXFrameworksBuildPhase;
			buildActionMask = 2147483647;
			files = (
				F3A5119A290D232F003D3307 /* SDWebImage in Frameworks */,
				F3BEF2602909D0EA00BFB525 /* SDWebImageMapKit in Frameworks */,
				F3A5119C290D232F003D3307 /* SDWebImageMapKit in Frameworks */,
				F3BEF25E2909D0EA00BFB525 /* SDWebImage in Frameworks */,
				B436FA0B62475F80CB422BE1 /* Pods_Movies.framework in Frameworks */,
			);
			runOnlyForDeploymentPostprocessing = 0;
		};
/* End PBXFrameworksBuildPhase section */

/* Begin PBXGroup section */
		F265AADF145141B3E434C940 /* Pods */ = {
			isa = PBXGroup;
			children = (
				528DB5772EAFE9394BFB53B3 /* Pods-Movies.debug.xcconfig */,
				64B1956F0EFB3418E27B3EFA /* Pods-Movies.release.xcconfig */,
			);
			path = Pods;
			sourceTree = "<group>";
		};
		F35936D0294F0B0C00FC85FD /* Helper */ = {
			isa = PBXGroup;
			children = (
				F35936CE294F0B0300FC85FD /* Utilities.swift */,
				F35936FD2952661B00FC85FD /* Constant.swift */,
			);
			path = Helper;
			sourceTree = "<group>";
		};
		F35937012957B5D700FC85FD /* Login */ = {
			isa = PBXGroup;
			children = (
				F3593642294E13FD00FC85FD /* MainViewController.swift */,
				F3593644294E140600FC85FD /* LoginViewController.swift */,
				F3593646294E141300FC85FD /* SingUpViewController.swift */,
			);
			path = Login;
			sourceTree = "<group>";
		};
		F36D3D56291515A9006F66CA /* ViewModels */ = {
			isa = PBXGroup;
			children = (
				F3A511A2290EE7D7003D3307 /* TitleViewModel.swift */,
				F36D3D57291515D1006F66CA /* DetailViewModel.swift */,
			);
			path = ViewModels;
			sourceTree = "<group>";
		};
		F3A5119D290D2712003D3307 /* Collection Cell */ = {
			isa = PBXGroup;
			children = (
				F3BEF24F2909AE3700BFB525 /* CollectionViewCell.xib */,
				F3BEF24E2909AE3700BFB525 /* CollectionViewCell.swift */,
			);
			path = "Collection Cell";
			sourceTree = "<group>";
		};
		F3A511A82911483E003D3307 /* General */ = {
			isa = PBXGroup;
			children = (
				F3BEF2482909A75700BFB525 /* FavoriteViewController.swift */,
				F3BEF2462909A74500BFB525 /* SearchViewController.swift */,
				F3BEF2362909A63F00BFB525 /* HomeViewController.swift */,
				F36D3D5229150CCF006F66CA /* DetailViewController.swift */,
			);
			path = General;
			sourceTree = "<group>";
		};
		F3ACEEEE291988B70098BF91 /* Frameworks */ = {
			isa = PBXGroup;
			children = (
				F3ACEEEF291988B70098BF91 /* Network.framework */,
				5973C5A94B9D1D3434AA23A7 /* Pods_Movies.framework */,
			);
			name = Frameworks;
			sourceTree = "<group>";
		};
		F3ACEEF1291A71CF0098BF91 /* View  */ = {
			isa = PBXGroup;
			children = (
				F3ACEEEC291901D70098BF91 /* DetailView.xib */,
				F36D3D5929153EC5006F66CA /* DetailView.swift */,
			);
			path = "View ";
			sourceTree = "<group>";
		};
		F3BEF2262909A63F00BFB525 = {
			isa = PBXGroup;
			children = (
				F35936D0294F0B0C00FC85FD /* Helper */,
				F3BEF24B2909A78100BFB525 /* Manager */,
				F3D5267829228D19001EFC42 /* Protocol */,
				F36D3D56291515A9006F66CA /* ViewModels */,
				F3BEF24C2909A78B00BFB525 /* Model */,
				F3BEF24A2909A75D00BFB525 /* Controllers */,
				F3BEF2312909A63F00BFB525 /* Movies */,
				F3BEF2302909A63F00BFB525 /* Products */,
				F3ACEEEE291988B70098BF91 /* Frameworks */,
				F265AADF145141B3E434C940 /* Pods */,
			);
			sourceTree = "<group>";
		};
		F3BEF2302909A63F00BFB525 /* Products */ = {
			isa = PBXGroup;
			children = (
				F3BEF22F2909A63F00BFB525 /* Movies.app */,
			);
			name = Products;
			sourceTree = "<group>";
		};
		F3BEF2312909A63F00BFB525 /* Movies */ = {
			isa = PBXGroup;
			children = (
				F3BEF2322909A63F00BFB525 /* AppDelegate.swift */,
				F3BEF2342909A63F00BFB525 /* SceneDelegate.swift */,
				F3BEF2382909A63F00BFB525 /* Main.storyboard */,
				F3BEF23B2909A64300BFB525 /* Assets.xcassets */,
				F3BEF23D2909A64300BFB525 /* LaunchScreen.storyboard */,
				F3BEF2402909A64300BFB525 /* Info.plist */,
				F34F714829256D35005666B5 /* MovieModel.xcdatamodeld */,
				F35936D8294F8F4B00FC85FD /* GoogleService-Info.plist */,
			);
			path = Movies;
			sourceTree = "<group>";
		};
		F3BEF24A2909A75D00BFB525 /* Controllers */ = {
			isa = PBXGroup;
			children = (
				F35937012957B5D700FC85FD /* Login */,
				F3D5267729201EFD001EFC42 /* SearchResult */,
				F3A511A82911483E003D3307 /* General */,
				F3ACEEF1291A71CF0098BF91 /* View  */,
				F3A5119D290D2712003D3307 /* Collection Cell */,
				F3BEF24D2909A7CC00BFB525 /* Table Cell */,
			);
			path = Controllers;
			sourceTree = "<group>";
		};
		F3BEF24B2909A78100BFB525 /* Manager */ = {
			isa = PBXGroup;
			children = (
				F3BEF2582909B30E00BFB525 /* NetworkRequest.swift */,
				F309E30C293BA58100EAD123 /* CoreDataManager.swift */,
			);
			path = Manager;
			sourceTree = "<group>";
		};
		F3BEF24C2909A78B00BFB525 /* Model */ = {
			isa = PBXGroup;
			children = (
				F3BEF25A2909B37400BFB525 /* TMDBResponse.swift */,
				F3A5123F29143E71003D3307 /* VideoSearchResponse.swift */,
			);
			path = Model;
			sourceTree = "<group>";
		};
		F3BEF24D2909A7CC00BFB525 /* Table Cell */ = {
			isa = PBXGroup;
			children = (
				F3BEF2522909AEB600BFB525 /* CollectionTableViewCell.swift */,
				F3BEF2532909AEB600BFB525 /* CollectionTableViewCell.xib */,
				F3A5119E290ED1D4003D3307 /* SearchTableViewCell.swift */,
				F3A5119F290ED1D4003D3307 /* SearchTableViewCell.xib */,
				F309E30E293C97CC00EAD123 /* FavoriteTableViewCell.swift */,
				F309E30F293C97CC00EAD123 /* FavoriteTableViewCell.xib */,
			);
			path = "Table Cell";
			sourceTree = "<group>";
		};
		F3D5267729201EFD001EFC42 /* SearchResult */ = {
			isa = PBXGroup;
			children = (
				F3D52673291EC7C3001EFC42 /* SearchResultViewController.swift */,
				F3D52674291EC7C3001EFC42 /* SearchResultViewController.xib */,
			);
			path = SearchResult;
			sourceTree = "<group>";
		};
		F3D5267829228D19001EFC42 /* Protocol */ = {
			isa = PBXGroup;
			children = (
				F3D5267929228D87001EFC42 /* SearchResultProtocol.swift */,
				F3D5267B29228DF1001EFC42 /* CollectionTableViewProtocol.swift */,
			);
			path = Protocol;
			sourceTree = "<group>";
		};
/* End PBXGroup section */

/* Begin PBXNativeTarget section */
		F3BEF22E2909A63F00BFB525 /* Movies */ = {
			isa = PBXNativeTarget;
			buildConfigurationList = F3BEF2432909A64300BFB525 /* Build configuration list for PBXNativeTarget "Movies" */;
			buildPhases = (
				02FFED1A263B644C48C3EC7B /* [CP] Check Pods Manifest.lock */,
				F3BEF22B2909A63F00BFB525 /* Sources */,
				F3BEF22C2909A63F00BFB525 /* Frameworks */,
				F3BEF22D2909A63F00BFB525 /* Resources */,
				27967C91568A39DCB39F0557 /* [CP] Embed Pods Frameworks */,
			);
			buildRules = (
			);
			dependencies = (
			);
			name = Movies;
			packageProductDependencies = (
				F3BEF25D2909D0EA00BFB525 /* SDWebImage */,
				F3BEF25F2909D0EA00BFB525 /* SDWebImageMapKit */,
				F3A51199290D232F003D3307 /* SDWebImage */,
				F3A5119B290D232F003D3307 /* SDWebImageMapKit */,
			);
			productName = Movies;
			productReference = F3BEF22F2909A63F00BFB525 /* Movies.app */;
			productType = "com.apple.product-type.application";
		};
/* End PBXNativeTarget section */

/* Begin PBXProject section */
		F3BEF2272909A63F00BFB525 /* Project object */ = {
			isa = PBXProject;
			attributes = {
				BuildIndependentTargetsInParallel = 1;
				LastSwiftUpdateCheck = 1340;
				LastUpgradeCheck = 1340;
				TargetAttributes = {
					F3BEF22E2909A63F00BFB525 = {
						CreatedOnToolsVersion = 13.4.1;
					};
				};
			};
			buildConfigurationList = F3BEF22A2909A63F00BFB525 /* Build configuration list for PBXProject "Movies" */;
			compatibilityVersion = "Xcode 13.0";
			developmentRegion = en;
			hasScannedForEncodings = 0;
			knownRegions = (
				en,
				Base,
			);
			mainGroup = F3BEF2262909A63F00BFB525;
			packageReferences = (
				F3BEF25C2909D0EA00BFB525 /* XCRemoteSwiftPackageReference "SDWebImage" */,
				F3A51198290D232F003D3307 /* XCRemoteSwiftPackageReference "SDWebImage" */,
			);
			productRefGroup = F3BEF2302909A63F00BFB525 /* Products */;
			projectDirPath = "";
			projectRoot = "";
			targets = (
				F3BEF22E2909A63F00BFB525 /* Movies */,
			);
		};
/* End PBXProject section */

/* Begin PBXResourcesBuildPhase section */
		F3BEF22D2909A63F00BFB525 /* Resources */ = {
			isa = PBXResourcesBuildPhase;
			buildActionMask = 2147483647;
			files = (
				F35936D9294F8F4B00FC85FD /* GoogleService-Info.plist in Resources */,
				F3BEF2552909AEB600BFB525 /* CollectionTableViewCell.xib in Resources */,
				F3BEF2512909AE3700BFB525 /* CollectionViewCell.xib in Resources */,
				F3BEF23F2909A64300BFB525 /* LaunchScreen.storyboard in Resources */,
				F3D52676291EC7C3001EFC42 /* SearchResultViewController.xib in Resources */,
				F3BEF23C2909A64300BFB525 /* Assets.xcassets in Resources */,
				F309E311293C97CC00EAD123 /* FavoriteTableViewCell.xib in Resources */,
				F3BEF23A2909A63F00BFB525 /* Main.storyboard in Resources */,
				F3A511A1290ED1D4003D3307 /* SearchTableViewCell.xib in Resources */,
				F3ACEEED291901D70098BF91 /* DetailView.xib in Resources */,
			);
			runOnlyForDeploymentPostprocessing = 0;
		};
/* End PBXResourcesBuildPhase section */

/* Begin PBXShellScriptBuildPhase section */
		02FFED1A263B644C48C3EC7B /* [CP] Check Pods Manifest.lock */ = {
			isa = PBXShellScriptBuildPhase;
			buildActionMask = 2147483647;
			files = (
			);
			inputFileListPaths = (
			);
			inputPaths = (
				"${PODS_PODFILE_DIR_PATH}/Podfile.lock",
				"${PODS_ROOT}/Manifest.lock",
			);
			name = "[CP] Check Pods Manifest.lock";
			outputFileListPaths = (
			);
			outputPaths = (
				"$(DERIVED_FILE_DIR)/Pods-Movies-checkManifestLockResult.txt",
			);
			runOnlyForDeploymentPostprocessing = 0;
			shellPath = /bin/sh;
			shellScript = "diff \"${PODS_PODFILE_DIR_PATH}/Podfile.lock\" \"${PODS_ROOT}/Manifest.lock\" > /dev/null\nif [ $? != 0 ] ; then\n    # print error to STDERR\n    echo \"error: The sandbox is not in sync with the Podfile.lock. Run 'pod install' or update your CocoaPods installation.\" >&2\n    exit 1\nfi\n# This output is used by Xcode 'outputs' to avoid re-running this script phase.\necho \"SUCCESS\" > \"${SCRIPT_OUTPUT_FILE_0}\"\n";
			showEnvVarsInLog = 0;
		};
		27967C91568A39DCB39F0557 /* [CP] Embed Pods Frameworks */ = {
			isa = PBXShellScriptBuildPhase;
			buildActionMask = 8;
			files = (
			);
			inputFileListPaths = (
				"${PODS_ROOT}/Target Support Files/Pods-Movies/Pods-Movies-frameworks-${CONFIGURATION}-input-files.xcfilelist",
			);
			name = "[CP] Embed Pods Frameworks";
			outputFileListPaths = (
				"${PODS_ROOT}/Target Support Files/Pods-Movies/Pods-Movies-frameworks-${CONFIGURATION}-output-files.xcfilelist",
			);
			runOnlyForDeploymentPostprocessing = 1;
			shellPath = /bin/sh;
			shellScript = "\"${PODS_ROOT}/Target Support Files/Pods-Movies/Pods-Movies-frameworks.sh\"\n";
			showEnvVarsInLog = 0;
		};
/* End PBXShellScriptBuildPhase section */

/* Begin PBXSourcesBuildPhase section */
		F3BEF22B2909A63F00BFB525 /* Sources */ = {
			isa = PBXSourcesBuildPhase;
			buildActionMask = 2147483647;
			files = (
				F35936CF294F0B0300FC85FD /* Utilities.swift in Sources */,
				F3BEF2372909A63F00BFB525 /* HomeViewController.swift in Sources */,
				F3BEF2332909A63F00BFB525 /* AppDelegate.swift in Sources */,
				F3A5124029143E71003D3307 /* VideoSearchResponse.swift in Sources */,
				F3593645294E140600FC85FD /* LoginViewController.swift in Sources */,
				F3BEF2472909A74500BFB525 /* SearchViewController.swift in Sources */,
				F3593643294E13FD00FC85FD /* MainViewController.swift in Sources */,
				F35936FE2952661B00FC85FD /* Constant.swift in Sources */,
				F3BEF2542909AEB600BFB525 /* CollectionTableViewCell.swift in Sources */,
				F3BEF2352909A63F00BFB525 /* SceneDelegate.swift in Sources */,
				F3BEF25B2909B37400BFB525 /* TMDBResponse.swift in Sources */,
				F3BEF2502909AE3700BFB525 /* CollectionViewCell.swift in Sources */,
				F3593647294E141300FC85FD /* SingUpViewController.swift in Sources */,
				F3BEF2492909A75700BFB525 /* FavoriteViewController.swift in Sources */,
				F3BEF2592909B30E00BFB525 /* NetworkRequest.swift in Sources */,
				F3A511A0290ED1D4003D3307 /* SearchTableViewCell.swift in Sources */,
				F3A511A3290EE7D7003D3307 /* TitleViewModel.swift in Sources */,
				F36D3D58291515D1006F66CA /* DetailViewModel.swift in Sources */,
				F34F714A29256D35005666B5 /* MovieModel.xcdatamodeld in Sources */,
				F36D3D5A29153EC5006F66CA /* DetailView.swift in Sources */,
				F3D5267A29228D87001EFC42 /* SearchResultProtocol.swift in Sources */,
				F3D5267C29228DF1001EFC42 /* CollectionTableViewProtocol.swift in Sources */,
				F3D52675291EC7C3001EFC42 /* SearchResultViewController.swift in Sources */,
				F309E30D293BA58100EAD123 /* CoreDataManager.swift in Sources */,
				F309E310293C97CC00EAD123 /* FavoriteTableViewCell.swift in Sources */,
				F36D3D5429150CCF006F66CA /* DetailViewController.swift in Sources */,
			);
			runOnlyForDeploymentPostprocessing = 0;
		};
/* End PBXSourcesBuildPhase section */

/* Begin PBXVariantGroup section */
		F3BEF2382909A63F00BFB525 /* Main.storyboard */ = {
			isa = PBXVariantGroup;
			children = (
				F3BEF2392909A63F00BFB525 /* Base */,
			);
			name = Main.storyboard;
			sourceTree = "<group>";
		};
		F3BEF23D2909A64300BFB525 /* LaunchScreen.storyboard */ = {
			isa = PBXVariantGroup;
			children = (
				F3BEF23E2909A64300BFB525 /* Base */,
			);
			name = LaunchScreen.storyboard;
			sourceTree = "<group>";
		};
/* End PBXVariantGroup section */

/* Begin XCBuildConfiguration section */
		F3BEF2412909A64300BFB525 /* Debug */ = {
			isa = XCBuildConfiguration;
			buildSettings = {
				ALWAYS_SEARCH_USER_PATHS = NO;
				CLANG_ANALYZER_NONNULL = YES;
				CLANG_ANALYZER_NUMBER_OBJECT_CONVERSION = YES_AGGRESSIVE;
				CLANG_CXX_LANGUAGE_STANDARD = "gnu++17";
				CLANG_ENABLE_MODULES = YES;
				CLANG_ENABLE_OBJC_ARC = YES;
				CLANG_ENABLE_OBJC_WEAK = YES;
				CLANG_WARN_BLOCK_CAPTURE_AUTORELEASING = YES;
				CLANG_WARN_BOOL_CONVERSION = YES;
				CLANG_WARN_COMMA = YES;
				CLANG_WARN_CONSTANT_CONVERSION = YES;
				CLANG_WARN_DEPRECATED_OBJC_IMPLEMENTATIONS = YES;
				CLANG_WARN_DIRECT_OBJC_ISA_USAGE = YES_ERROR;
				CLANG_WARN_DOCUMENTATION_COMMENTS = YES;
				CLANG_WARN_EMPTY_BODY = YES;
				CLANG_WARN_ENUM_CONVERSION = YES;
				CLANG_WARN_INFINITE_RECURSION = YES;
				CLANG_WARN_INT_CONVERSION = YES;
				CLANG_WARN_NON_LITERAL_NULL_CONVERSION = YES;
				CLANG_WARN_OBJC_IMPLICIT_RETAIN_SELF = YES;
				CLANG_WARN_OBJC_LITERAL_CONVERSION = YES;
				CLANG_WARN_OBJC_ROOT_CLASS = YES_ERROR;
				CLANG_WARN_QUOTED_INCLUDE_IN_FRAMEWORK_HEADER = YES;
				CLANG_WARN_RANGE_LOOP_ANALYSIS = YES;
				CLANG_WARN_STRICT_PROTOTYPES = YES;
				CLANG_WARN_SUSPICIOUS_MOVE = YES;
				CLANG_WARN_UNGUARDED_AVAILABILITY = YES_AGGRESSIVE;
				CLANG_WARN_UNREACHABLE_CODE = YES;
				CLANG_WARN__DUPLICATE_METHOD_MATCH = YES;
				COPY_PHASE_STRIP = NO;
				DEBUG_INFORMATION_FORMAT = dwarf;
				ENABLE_STRICT_OBJC_MSGSEND = YES;
				ENABLE_TESTABILITY = YES;
				GCC_C_LANGUAGE_STANDARD = gnu11;
				GCC_DYNAMIC_NO_PIC = NO;
				GCC_NO_COMMON_BLOCKS = YES;
				GCC_OPTIMIZATION_LEVEL = 0;
				GCC_PREPROCESSOR_DEFINITIONS = (
					"DEBUG=1",
					"$(inherited)",
				);
				GCC_WARN_64_TO_32_BIT_CONVERSION = YES;
				GCC_WARN_ABOUT_RETURN_TYPE = YES_ERROR;
				GCC_WARN_UNDECLARED_SELECTOR = YES;
				GCC_WARN_UNINITIALIZED_AUTOS = YES_AGGRESSIVE;
				GCC_WARN_UNUSED_FUNCTION = YES;
				GCC_WARN_UNUSED_VARIABLE = YES;
				IPHONEOS_DEPLOYMENT_TARGET = 15.5;
				MTL_ENABLE_DEBUG_INFO = INCLUDE_SOURCE;
				MTL_FAST_MATH = YES;
				ONLY_ACTIVE_ARCH = YES;
				SDKROOT = iphoneos;
				SWIFT_ACTIVE_COMPILATION_CONDITIONS = DEBUG;
				SWIFT_OPTIMIZATION_LEVEL = "-Onone";
			};
			name = Debug;
		};
		F3BEF2422909A64300BFB525 /* Release */ = {
			isa = XCBuildConfiguration;
			buildSettings = {
				ALWAYS_SEARCH_USER_PATHS = NO;
				CLANG_ANALYZER_NONNULL = YES;
				CLANG_ANALYZER_NUMBER_OBJECT_CONVERSION = YES_AGGRESSIVE;
				CLANG_CXX_LANGUAGE_STANDARD = "gnu++17";
				CLANG_ENABLE_MODULES = YES;
				CLANG_ENABLE_OBJC_ARC = YES;
				CLANG_ENABLE_OBJC_WEAK = YES;
				CLANG_WARN_BLOCK_CAPTURE_AUTORELEASING = YES;
				CLANG_WARN_BOOL_CONVERSION = YES;
				CLANG_WARN_COMMA = YES;
				CLANG_WARN_CONSTANT_CONVERSION = YES;
				CLANG_WARN_DEPRECATED_OBJC_IMPLEMENTATIONS = YES;
				CLANG_WARN_DIRECT_OBJC_ISA_USAGE = YES_ERROR;
				CLANG_WARN_DOCUMENTATION_COMMENTS = YES;
				CLANG_WARN_EMPTY_BODY = YES;
				CLANG_WARN_ENUM_CONVERSION = YES;
				CLANG_WARN_INFINITE_RECURSION = YES;
				CLANG_WARN_INT_CONVERSION = YES;
				CLANG_WARN_NON_LITERAL_NULL_CONVERSION = YES;
				CLANG_WARN_OBJC_IMPLICIT_RETAIN_SELF = YES;
				CLANG_WARN_OBJC_LITERAL_CONVERSION = YES;
				CLANG_WARN_OBJC_ROOT_CLASS = YES_ERROR;
				CLANG_WARN_QUOTED_INCLUDE_IN_FRAMEWORK_HEADER = YES;
				CLANG_WARN_RANGE_LOOP_ANALYSIS = YES;
				CLANG_WARN_STRICT_PROTOTYPES = YES;
				CLANG_WARN_SUSPICIOUS_MOVE = YES;
				CLANG_WARN_UNGUARDED_AVAILABILITY = YES_AGGRESSIVE;
				CLANG_WARN_UNREACHABLE_CODE = YES;
				CLANG_WARN__DUPLICATE_METHOD_MATCH = YES;
				COPY_PHASE_STRIP = NO;
				DEBUG_INFORMATION_FORMAT = "dwarf-with-dsym";
				ENABLE_NS_ASSERTIONS = NO;
				ENABLE_STRICT_OBJC_MSGSEND = YES;
				GCC_C_LANGUAGE_STANDARD = gnu11;
				GCC_NO_COMMON_BLOCKS = YES;
				GCC_WARN_64_TO_32_BIT_CONVERSION = YES;
				GCC_WARN_ABOUT_RETURN_TYPE = YES_ERROR;
				GCC_WARN_UNDECLARED_SELECTOR = YES;
				GCC_WARN_UNINITIALIZED_AUTOS = YES_AGGRESSIVE;
				GCC_WARN_UNUSED_FUNCTION = YES;
				GCC_WARN_UNUSED_VARIABLE = YES;
				IPHONEOS_DEPLOYMENT_TARGET = 15.5;
				MTL_ENABLE_DEBUG_INFO = NO;
				MTL_FAST_MATH = YES;
				SDKROOT = iphoneos;
				SWIFT_COMPILATION_MODE = wholemodule;
				SWIFT_OPTIMIZATION_LEVEL = "-O";
				VALIDATE_PRODUCT = YES;
			};
			name = Release;
		};
		F3BEF2442909A64300BFB525 /* Debug */ = {
			isa = XCBuildConfiguration;
			baseConfigurationReference = 528DB5772EAFE9394BFB53B3 /* Pods-Movies.debug.xcconfig */;
			buildSettings = {
				ASSETCATALOG_COMPILER_APPICON_NAME = AppIcon;
				ASSETCATALOG_COMPILER_GLOBAL_ACCENT_COLOR_NAME = AccentColor;
				CODE_SIGN_STYLE = Automatic;
				CURRENT_PROJECT_VERSION = 1;
				DEVELOPMENT_TEAM = PLYGGAKJR4;
				GENERATE_INFOPLIST_FILE = YES;
				INFOPLIST_FILE = Movies/Info.plist;
				INFOPLIST_KEY_UIApplicationSupportsIndirectInputEvents = YES;
				INFOPLIST_KEY_UILaunchStoryboardName = LaunchScreen;
				INFOPLIST_KEY_UIMainStoryboardFile = Main;
				INFOPLIST_KEY_UISupportedInterfaceOrientations = "";
				INFOPLIST_KEY_UISupportedInterfaceOrientations_iPad = "UIInterfaceOrientationPortrait UIInterfaceOrientationPortraitUpsideDown UIInterfaceOrientationLandscapeLeft UIInterfaceOrientationLandscapeRight";
				INFOPLIST_KEY_UISupportedInterfaceOrientations_iPhone = "UIInterfaceOrientationPortrait UIInterfaceOrientationLandscapeLeft UIInterfaceOrientationLandscapeRight";
				LD_RUNPATH_SEARCH_PATHS = (
					"$(inherited)",
					"@executable_path/Frameworks",
				);
				MARKETING_VERSION = 1.0;
				PRODUCT_BUNDLE_IDENTIFIER = my.com.organization.Movies;
				PRODUCT_NAME = "$(TARGET_NAME)";
				SWIFT_EMIT_LOC_STRINGS = YES;
				SWIFT_VERSION = 5.0;
				TARGETED_DEVICE_FAMILY = "1,2";
			};
			name = Debug;
		};
		F3BEF2452909A64300BFB525 /* Release */ = {
			isa = XCBuildConfiguration;
			baseConfigurationReference = 64B1956F0EFB3418E27B3EFA /* Pods-Movies.release.xcconfig */;
			buildSettings = {
				ASSETCATALOG_COMPILER_APPICON_NAME = AppIcon;
				ASSETCATALOG_COMPILER_GLOBAL_ACCENT_COLOR_NAME = AccentColor;
				CODE_SIGN_STYLE = Automatic;
				CURRENT_PROJECT_VERSION = 1;
				DEVELOPMENT_TEAM = PLYGGAKJR4;
				GENERATE_INFOPLIST_FILE = YES;
				INFOPLIST_FILE = Movies/Info.plist;
				INFOPLIST_KEY_UIApplicationSupportsIndirectInputEvents = YES;
				INFOPLIST_KEY_UILaunchStoryboardName = LaunchScreen;
				INFOPLIST_KEY_UIMainStoryboardFile = Main;
				INFOPLIST_KEY_UISupportedInterfaceOrientations = "";
				INFOPLIST_KEY_UISupportedInterfaceOrientations_iPad = "UIInterfaceOrientationPortrait UIInterfaceOrientationPortraitUpsideDown UIInterfaceOrientationLandscapeLeft UIInterfaceOrientationLandscapeRight";
				INFOPLIST_KEY_UISupportedInterfaceOrientations_iPhone = "UIInterfaceOrientationPortrait UIInterfaceOrientationLandscapeLeft UIInterfaceOrientationLandscapeRight";
				LD_RUNPATH_SEARCH_PATHS = (
					"$(inherited)",
					"@executable_path/Frameworks",
				);
				MARKETING_VERSION = 1.0;
				PRODUCT_BUNDLE_IDENTIFIER = my.com.organization.Movies;
				PRODUCT_NAME = "$(TARGET_NAME)";
				SWIFT_EMIT_LOC_STRINGS = YES;
				SWIFT_VERSION = 5.0;
				TARGETED_DEVICE_FAMILY = "1,2";
			};
			name = Release;
		};
/* End XCBuildConfiguration section */

/* Begin XCConfigurationList section */
		F3BEF22A2909A63F00BFB525 /* Build configuration list for PBXProject "Movies" */ = {
			isa = XCConfigurationList;
			buildConfigurations = (
				F3BEF2412909A64300BFB525 /* Debug */,
				F3BEF2422909A64300BFB525 /* Release */,
			);
			defaultConfigurationIsVisible = 0;
			defaultConfigurationName = Release;
		};
		F3BEF2432909A64300BFB525 /* Build configuration list for PBXNativeTarget "Movies" */ = {
			isa = XCConfigurationList;
			buildConfigurations = (
				F3BEF2442909A64300BFB525 /* Debug */,
				F3BEF2452909A64300BFB525 /* Release */,
			);
			defaultConfigurationIsVisible = 0;
			defaultConfigurationName = Release;
		};
/* End XCConfigurationList section */

/* Begin XCRemoteSwiftPackageReference section */
		F3A51198290D232F003D3307 /* XCRemoteSwiftPackageReference "SDWebImage" */ = {
			isa = XCRemoteSwiftPackageReference;
			repositoryURL = "https://github.com/SDWebImage/SDWebImage.git";
			requirement = {
				branch = master;
				kind = branch;
			};
		};
		F3BEF25C2909D0EA00BFB525 /* XCRemoteSwiftPackageReference "SDWebImage" */ = {
			isa = XCRemoteSwiftPackageReference;
			repositoryURL = "https://github.com/SDWebImage/SDWebImage.git";
			requirement = {
				branch = master;
				kind = branch;
			};
		};
/* End XCRemoteSwiftPackageReference section */

/* Begin XCSwiftPackageProductDependency section */
		F3A51199290D232F003D3307 /* SDWebImage */ = {
			isa = XCSwiftPackageProductDependency;
			package = F3BEF25C2909D0EA00BFB525 /* XCRemoteSwiftPackageReference "SDWebImage" */;
			productName = SDWebImage;
		};
		F3A5119B290D232F003D3307 /* SDWebImageMapKit */ = {
			isa = XCSwiftPackageProductDependency;
			package = F3BEF25C2909D0EA00BFB525 /* XCRemoteSwiftPackageReference "SDWebImage" */;
			productName = SDWebImageMapKit;
		};
		F3BEF25D2909D0EA00BFB525 /* SDWebImage */ = {
			isa = XCSwiftPackageProductDependency;
			package = F3BEF25C2909D0EA00BFB525 /* XCRemoteSwiftPackageReference "SDWebImage" */;
			productName = SDWebImage;
		};
		F3BEF25F2909D0EA00BFB525 /* SDWebImageMapKit */ = {
			isa = XCSwiftPackageProductDependency;
			package = F3BEF25C2909D0EA00BFB525 /* XCRemoteSwiftPackageReference "SDWebImage" */;
			productName = SDWebImageMapKit;
		};
/* End XCSwiftPackageProductDependency section */

/* Begin XCVersionGroup section */
		F34F714829256D35005666B5 /* MovieModel.xcdatamodeld */ = {
			isa = XCVersionGroup;
			children = (
				F34F714929256D35005666B5 /* MovieModel.xcdatamodel */,
			);
			currentVersion = F34F714929256D35005666B5 /* MovieModel.xcdatamodel */;
			path = MovieModel.xcdatamodeld;
			sourceTree = "<group>";
			versionGroupType = wrapper.xcdatamodel;
		};
/* End XCVersionGroup section */
	};
	rootObject = F3BEF2272909A63F00BFB525 /* Project object */;
}
